{
  "version": 4,
  "terraform_version": "1.11.4",
  "serial": 15,
  "lineage": "f3a41d19-c661-3c5e-1294-46b117c62218",
  "outputs": {},
  "resources": [
    {
      "mode": "managed",
      "type": "docker_container",
      "name": "nagios_container",
      "provider": "provider[\"registry.terraform.io/kreuzwerker/docker\"]",
      "instances": [
        {
          "schema_version": 2,
          "attributes": {
            "attach": false,
            "bridge": "",
            "capabilities": [],
            "cgroupns_mode": null,
            "command": [
              "/usr/local/bin/start_nagios"
            ],
            "container_logs": null,
            "container_read_refresh_timeout_milliseconds": 15000,
            "cpu_set": "",
            "cpu_shares": 0,
            "destroy_grace_seconds": null,
            "devices": [],
            "dns": null,
            "dns_opts": null,
            "dns_search": null,
            "domainname": "",
            "entrypoint": [],
            "env": [],
            "exit_code": null,
            "gpus": null,
            "group_add": null,
            "healthcheck": null,
            "host": [],
            "hostname": "e017e5581bdf",
            "id": "e017e5581bdfcdab607de872e3096cdbc290025f50f0e4f2c8cd0293e51faa2f",
            "image": "sha256:2ab73fb5d162ad0be4ef495fb62e17772120b32721a6c3eb9091fcc800d2909b",
            "init": false,
            "ipc_mode": "private",
            "labels": [],
            "log_driver": "json-file",
            "log_opts": null,
            "logs": false,
            "max_retry_count": 0,
            "memory": 0,
            "memory_swap": 0,
            "mounts": [],
            "must_run": true,
            "name": "nagios-monitor",
            "network_data": [
              {
                "gateway": "172.17.0.1",
                "global_ipv6_address": "",
                "global_ipv6_prefix_length": 0,
                "ip_address": "172.17.0.3",
                "ip_prefix_length": 16,
                "ipv6_gateway": "",
                "mac_address": "2a:26:20:ba:5f:54",
                "network_name": "bridge"
              }
            ],
            "network_mode": "bridge",
            "networks_advanced": [],
            "pid_mode": "",
            "ports": [
              {
                "external": 8085,
                "internal": 80,
                "ip": "0.0.0.0",
                "protocol": "tcp"
              }
            ],
            "privileged": false,
            "publish_all_ports": false,
            "read_only": false,
            "remove_volumes": true,
            "restart": "no",
            "rm": false,
            "runtime": "runc",
            "security_opts": [],
            "shm_size": 64,
            "start": true,
            "stdin_open": false,
            "stop_signal": "",
            "stop_timeout": 0,
            "storage_opts": null,
            "sysctls": null,
            "tmpfs": null,
            "tty": false,
            "ulimit": [],
            "upload": [],
            "user": "",
            "userns_mode": "",
            "volumes": [
              {
                "container_path": "/opt/nagios/etc/servers/healthcaremrs.cfg",
                "from_container": "",
                "host_path": "D:/Projects/HealthCareMRS/terraform/nagios/healthcaremrs.cfg",
                "read_only": false,
                "volume_name": ""
              }
            ],
            "wait": false,
            "wait_timeout": 60,
            "working_dir": ""
          },
          "sensitive_attributes": [],
          "private": "eyJzY2hlbWFfdmVyc2lvbiI6IjIifQ==",
          "dependencies": [
            "docker_image.nagios"
          ]
        }
      ]
    },
    {
      "mode": "managed",
      "type": "docker_image",
      "name": "healthcaremrs",
      "provider": "provider[\"registry.terraform.io/kreuzwerker/docker\"]",
      "instances": [
        {
          "schema_version": 0,
          "attributes": {
            "build": [],
            "force_remove": null,
            "id": "sha256:1aa4d3c9fc222f9901899d1e5f190365a1bf41c056e4654598e00784c2da8fe1khowshikksharma/healthcaremrs:latest",
            "image_id": "sha256:1aa4d3c9fc222f9901899d1e5f190365a1bf41c056e4654598e00784c2da8fe1",
            "keep_locally": null,
            "name": "khowshikksharma/healthcaremrs:latest",
            "platform": null,
            "pull_triggers": null,
            "repo_digest": "khowshikksharma/healthcaremrs@sha256:a35185c47cec1407cbd85b29c3f06f48ffbf5709425a8bcbb626ea2bd1c52c4a",
            "triggers": null
          },
          "sensitive_attributes": [],
          "private": "bnVsbA=="
        }
      ]
    },
    {
      "mode": "managed",
      "type": "docker_image",
      "name": "nagios",
      "provider": "provider[\"registry.terraform.io/kreuzwerker/docker\"]",
      "instances": [
        {
          "schema_version": 0,
          "attributes": {
            "build": [],
            "force_remove": null,
            "id": "sha256:2ab73fb5d162ad0be4ef495fb62e17772120b32721a6c3eb9091fcc800d2909bjasonrivers/nagios:latest",
            "image_id": "sha256:2ab73fb5d162ad0be4ef495fb62e17772120b32721a6c3eb9091fcc800d2909b",
            "keep_locally": null,
            "name": "jasonrivers/nagios:latest",
            "platform": null,
            "pull_triggers": null,
            "repo_digest": "jasonrivers/nagios@sha256:2a7c2b20d118baf92b47b69a3901e68dd7664617801b94e560bc4d6564d6ae54",
            "triggers": null
          },
          "sensitive_attributes": [],
          "private": "bnVsbA=="
        }
      ]
    }
  ],
  "check_results": null
}
